
Microsoft Visual Studio Solution File, Format Version 12.00
# Visual Studio 2013
VisualStudioVersion = 12.0.21005.1
MinimumVisualStudioVersion = 10.0.40219.1
Project("{FAE04EC0-301F-11D3-BF4B-00C04F79EFBC}") = "topic1", "homework5\topic1.csproj", "{7E2CA7E2-8A0D-4405-933A-9F122904EDDC}"
EndProject
Project("{FAE04EC0-301F-11D3-BF4B-00C04F79EFBC}") = "topic2", "topic2\topic2.csproj", "{027770FD-8B41-47BA-8647-0DF2E9F203AE}"
EndProject
Global
	GlobalSection(SolutionConfigurationPlatforms) = preSolution
		Debug|Any CPU = Debug|Any CPU
		Release|Any CPU = Release|Any CPU
	EndGlobalSection
	GlobalSection(ProjectConfigurationPlatforms) = postSolution
		{7E2CA7E2-8A0D-4405-933A-9F122904EDDC}.Debug|Any CPU.ActiveCfg = Debug|Any CPU
		{7E2CA7E2-8A0D-4405-933A-9F122904EDDC}.Debug|Any CPU.Build.0 = Debug|Any CPU
		{7E2CA7E2-8A0D-4405-933A-9F122904EDDC}.Release|Any CPU.ActiveCfg = Release|Any CPU
		{7E2CA7E2-8A0D-4405-933A-9F122904EDDC}.Release|Any CPU.Build.0 = Release|Any CPU
		{027770FD-8B41-47BA-8647-0DF2E9F203AE}.Debug|Any CPU.ActiveCfg = Debug|Any CPU
		{027770FD-8B41-47BA-8647-0DF2E9F203AE}.Debug|Any CPU.Build.0 = Debug|Any CPU
		{027770FD-8B41-47BA-8647-0DF2E9F203AE}.Release|Any CPU.ActiveCfg = Release|Any CPU
		{027770FD-8B41-47BA-8647-0DF2E9F203AE}.Release|Any CPU.Build.0 = Release|Any CPU
	EndGlobalSection
	GlobalSection(SolutionProperties) = preSolution
		HideSolutionNode = FALSE
	EndGlobalSection
EndGlobal
